PODS:
  - AFNetworking (3.2.1):
    - AFNetworking/NSURLSession (= 3.2.1)
    - AFNetworking/Reachability (= 3.2.1)
    - AFNetworking/Security (= 3.2.1)
    - AFNetworking/Serialization (= 3.2.1)
    - AFNetworking/UIKit (= 3.2.1)
  - AFNetworking/NSURLSession (3.2.1):
    - AFNetworking/Reachability
    - AFNetworking/Security
    - AFNetworking/Serialization
  - AFNetworking/Reachability (3.2.1)
  - AFNetworking/Security (3.2.1)
  - AFNetworking/Serialization (3.2.1)
  - AFNetworking/UIKit (3.2.1):
    - AFNetworking/NSURLSession
  - Bugly (2.5.0)
  - DZNEmptyDataSet (1.8.1)
  - FDFullscreenPopGesture (1.1)
  - IBAnimatable (5.2.1)
  - IQKeyboardManager (6.2.0)
  - JCore (1.2.5)
  - JPush (3.1.1.1):
    - JCore (~> 1.2.5)
  - MBProgressHUD (1.1.0)
  - Schedule (1.0.0)
  - SSZipArchive (2.1.4)
  - WRNavigationBar (1.2.0)
  - YTKNetwork (2.0.4):
    - AFNetworking (~> 3.0)

DEPENDENCIES:
  - Bugly
  - DZNEmptyDataSet
  - FDFullscreenPopGesture
  - IBAnimatable
  - IQKeyboardManager
  - JPush
  - MBProgressHUD
  - Schedule
  - SSZipArchive
  - WRNavigationBar
  - YTKNetwork

SPEC REPOS:
  https://github.com/cocoapods/specs.git:
    - AFNetworking
    - Bugly
    - DZNEmptyDataSet
    - FDFullscreenPopGesture
    - IBAnimatable
    - IQKeyboardManager
    - JCore
    - JPush
    - MBProgressHUD
    - Schedule
    - SSZipArchive
    - WRNavigationBar
    - YTKNetwork

SPEC CHECKSUMS:
  AFNetworking: b6f891fdfaed196b46c7a83cf209e09697b94057
  Bugly: 3ca9f255c01025582df26f9222893b383c7e4b4e
  DZNEmptyDataSet: 9525833b9e68ac21c30253e1d3d7076cc828eaa7
  FDFullscreenPopGesture: a8a620179e3d9c40e8e00256dcee1c1a27c6d0f0
  IBAnimatable: a46b835ec6875178516cf7e014a40194d6bfa3fc
  IQKeyboardManager: 6194101620b73af5e67900b8f89707a99de0b804
  JCore: 14706de2640b25fb77dbd02332696491407f37c9
  JPush: 25dd9013fbe106082c14f9f30a82364ee98852fb
  MBProgressHUD: e7baa36a220447d8aeb12769bf0585582f3866d9
  Schedule: 64f334e01daa6f80201ab147b59cb4f1e118ae74
  SSZipArchive: 41455d4b8d2b6ab93990820b50dc697c2554a322
  WRNavigationBar: dc952230effbb646785f962587caaac06c60f229
  YTKNetwork: df8a7a5597bda1664a4efaa7ef871a818a887fe0

PODFILE CHECKSUM: 5f109dca4f6221262d44fb2b85cfbb19e193fb7e

COCOAPODS: 1.5.3
